
Microsoft Visual Studio Solution File, Format Version 12.00
# Visual Studio Version 17
VisualStudioVersion = 17.3.32819.101
MinimumVisualStudioVersion = 10.0.40219.1
Project("{FAE04EC0-301F-11D3-BF4B-00C04F79EFBC}") = "Uppgift 3.5", "Uppgift 3.5\Uppgift 3.5.csproj", "{0EE336C9-C012-484C-B503-B6B82A8D4CC5}"
EndProject
Global
	GlobalSection(SolutionConfigurationPlatforms) = preSolution
		Debug|Any CPU = Debug|Any CPU
		Release|Any CPU = Release|Any CPU
	EndGlobalSection
	GlobalSection(ProjectConfigurationPlatforms) = postSolution
		{0EE336C9-C012-484C-B503-B6B82A8D4CC5}.Debug|Any CPU.ActiveCfg = Debug|Any CPU
		{0EE336C9-C012-484C-B503-B6B82A8D4CC5}.Debug|Any CPU.Build.0 = Debug|Any CPU
		{0EE336C9-C012-484C-B503-B6B82A8D4CC5}.Release|Any CPU.ActiveCfg = Release|Any CPU
		{0EE336C9-C012-484C-B503-B6B82A8D4CC5}.Release|Any CPU.Build.0 = Release|Any CPU
	EndGlobalSection
	GlobalSection(SolutionProperties) = preSolution
		HideSolutionNode = FALSE
	EndGlobalSection
	GlobalSection(ExtensibilityGlobals) = postSolution
		SolutionGuid = {BF96EAAC-74D0-4118-9533-67E7C3C82B19}
	EndGlobalSection
EndGlobal
